{
  "pins" : [
    {
      "identity" : "animated-tab-bar",
      "kind" : "remoteSourceControl",
      "location" : "https://github.com/Ramotion/animated-tab-bar.git",
      "state" : {
        "revision" : "52174249fa7b296c0fce1114be8f34081b85ffc3",
        "version" : "5.2.0"
      }
    }
  ],
  "version" : 2
}
