// !$*UTF8*$!
{
	archiveVersion = 1;
	classes = {
	};
	objectVersion = 56;
	objects = {

/* Begin PBXBuildFile section */
		0A4DDB242958FF1A006D2E21 /* ContactPresenter.swift in Sources */ = {isa = PBXBuildFile; fileRef = 0A4DDB1E2958FF1A006D2E21 /* ContactPresenter.swift */; };
		0A4DDB252958FF1A006D2E21 /* ContactWorker.swift in Sources */ = {isa = PBXBuildFile; fileRef = 0A4DDB1F2958FF1A006D2E21 /* ContactWorker.swift */; };
		0A4DDB262958FF1A006D2E21 /* ContactRouter.swift in Sources */ = {isa = PBXBuildFile; fileRef = 0A4DDB202958FF1A006D2E21 /* ContactRouter.swift */; };
		0A4DDB272958FF1A006D2E21 /* ContactModels.swift in Sources */ = {isa = PBXBuildFile; fileRef = 0A4DDB212958FF1A006D2E21 /* ContactModels.swift */; };
		0A4DDB282958FF1A006D2E21 /* ContactViewController.swift in Sources */ = {isa = PBXBuildFile; fileRef = 0A4DDB222958FF1A006D2E21 /* ContactViewController.swift */; };
		0A4DDB292958FF1A006D2E21 /* ContactInteractor.swift in Sources */ = {isa = PBXBuildFile; fileRef = 0A4DDB232958FF1A006D2E21 /* ContactInteractor.swift */; };
		0A4DDB322958FF42006D2E21 /* ExplorePresenter.swift in Sources */ = {isa = PBXBuildFile; fileRef = 0A4DDB2C2958FF42006D2E21 /* ExplorePresenter.swift */; };
		0A4DDB332958FF42006D2E21 /* ExploreWorker.swift in Sources */ = {isa = PBXBuildFile; fileRef = 0A4DDB2D2958FF42006D2E21 /* ExploreWorker.swift */; };
		0A4DDB342958FF42006D2E21 /* ExploreRouter.swift in Sources */ = {isa = PBXBuildFile; fileRef = 0A4DDB2E2958FF42006D2E21 /* ExploreRouter.swift */; };
		0A4DDB352958FF42006D2E21 /* ExploreModels.swift in Sources */ = {isa = PBXBuildFile; fileRef = 0A4DDB2F2958FF42006D2E21 /* ExploreModels.swift */; };
		0A4DDB362958FF42006D2E21 /* ExploreViewController.swift in Sources */ = {isa = PBXBuildFile; fileRef = 0A4DDB302958FF42006D2E21 /* ExploreViewController.swift */; };
		0A4DDB372958FF42006D2E21 /* ExploreInteractor.swift in Sources */ = {isa = PBXBuildFile; fileRef = 0A4DDB312958FF42006D2E21 /* ExploreInteractor.swift */; };
		0A53C8A62960EB0D00CF8A86 /* AnimatedBgView.swift in Sources */ = {isa = PBXBuildFile; fileRef = 0A53C8A52960EB0D00CF8A86 /* AnimatedBgView.swift */; };
		0A5C77242957A3D2005CB9F4 /* Recommendations.swift in Sources */ = {isa = PBXBuildFile; fileRef = 0A5C77232957A3D2005CB9F4 /* Recommendations.swift */; };
		0A5C77262957A684005CB9F4 /* RecommendationsCollectionViewCell.swift in Sources */ = {isa = PBXBuildFile; fileRef = 0A5C77252957A684005CB9F4 /* RecommendationsCollectionViewCell.swift */; };
		0A64CC4D296397740051D08E /* Sexuence+Extensions.swift in Sources */ = {isa = PBXBuildFile; fileRef = 0A64CC4C296397740051D08E /* Sexuence+Extensions.swift */; };
		0A64CC50296398EA0051D08E /* Optional+Extensions.swift in Sources */ = {isa = PBXBuildFile; fileRef = 0A64CC4F296398EA0051D08E /* Optional+Extensions.swift */; };
		0A68E730295A3A0900D89FCC /* CollectionViewSlantedLayout in Frameworks */ = {isa = PBXBuildFile; productRef = 0A68E72F295A3A0900D89FCC /* CollectionViewSlantedLayout */; };
		0A68E732295A3B3F00D89FCC /* DiscoverMovies.swift in Sources */ = {isa = PBXBuildFile; fileRef = 0A68E731295A3B3F00D89FCC /* DiscoverMovies.swift */; };
		0A68E735295A3F2D00D89FCC /* MovieCollectionViewCell.swift in Sources */ = {isa = PBXBuildFile; fileRef = 0A68E734295A3F2D00D89FCC /* MovieCollectionViewCell.swift */; };
		0A68E737295A6C6D00D89FCC /* SearchResult.swift in Sources */ = {isa = PBXBuildFile; fileRef = 0A68E736295A6C6D00D89FCC /* SearchResult.swift */; };
		0A735B7D29547C8A009FDAED /* SliderMenuCellOnHome.swift in Sources */ = {isa = PBXBuildFile; fileRef = 0A735B7C29547C8A009FDAED /* SliderMenuCellOnHome.swift */; };
		0A801616295795DB008CA293 /* HomeHeaderReusableView.swift in Sources */ = {isa = PBXBuildFile; fileRef = 0A801615295795DB008CA293 /* HomeHeaderReusableView.swift */; };
		0A8016182957963F008CA293 /* GenreHeaderCollectionReusableView.swift in Sources */ = {isa = PBXBuildFile; fileRef = 0A8016172957963F008CA293 /* GenreHeaderCollectionReusableView.swift */; };
		0A87CAF029532DD200B98BE0 /* UIView+Extensions.swift in Sources */ = {isa = PBXBuildFile; fileRef = 0A87CAEF29532DD200B98BE0 /* UIView+Extensions.swift */; };
		0A87CAF22953492F00B98BE0 /* HeaderView.swift in Sources */ = {isa = PBXBuildFile; fileRef = 0A87CAF12953492F00B98BE0 /* HeaderView.swift */; };
		0A87CAF529534AA100B98BE0 /* Kingfisher in Frameworks */ = {isa = PBXBuildFile; productRef = 0A87CAF429534AA100B98BE0 /* Kingfisher */; };
		0A87CAF729535AC900B98BE0 /* MainButton.swift in Sources */ = {isa = PBXBuildFile; fileRef = 0A87CAF629535AC900B98BE0 /* MainButton.swift */; };
		0AAF0E5229549F5500F4B74E /* MovieDetailPresenter.swift in Sources */ = {isa = PBXBuildFile; fileRef = 0AAF0E4C29549F5500F4B74E /* MovieDetailPresenter.swift */; };
		0AAF0E5329549F5500F4B74E /* MovieDetailWorker.swift in Sources */ = {isa = PBXBuildFile; fileRef = 0AAF0E4D29549F5500F4B74E /* MovieDetailWorker.swift */; };
		0AAF0E5429549F5500F4B74E /* MovieDetailRouter.swift in Sources */ = {isa = PBXBuildFile; fileRef = 0AAF0E4E29549F5500F4B74E /* MovieDetailRouter.swift */; };
		0AAF0E5529549F5500F4B74E /* MovieDetailModels.swift in Sources */ = {isa = PBXBuildFile; fileRef = 0AAF0E4F29549F5500F4B74E /* MovieDetailModels.swift */; };
		0AAF0E5629549F5500F4B74E /* MovieDetailViewController.swift in Sources */ = {isa = PBXBuildFile; fileRef = 0AAF0E5029549F5500F4B74E /* MovieDetailViewController.swift */; };
		0AAF0E5729549F5500F4B74E /* MovieDetailInteractor.swift in Sources */ = {isa = PBXBuildFile; fileRef = 0AAF0E5129549F5500F4B74E /* MovieDetailInteractor.swift */; };
		0AAF0E5A2954C60800F4B74E /* DetailedMovie.swift in Sources */ = {isa = PBXBuildFile; fileRef = 0AAF0E592954C60800F4B74E /* DetailedMovie.swift */; };
		0AAF0E5E2954D5AC00F4B74E /* Int+Extensions.swift in Sources */ = {isa = PBXBuildFile; fileRef = 0AAF0E5D2954D5AC00F4B74E /* Int+Extensions.swift */; };
		0AC66D6E2953873700905542 /* String+Extensions.swift in Sources */ = {isa = PBXBuildFile; fileRef = 0AC66D6D2953873700905542 /* String+Extensions.swift */; };
		0AC66D712953884F00905542 /* GenreListCell.swift in Sources */ = {isa = PBXBuildFile; fileRef = 0AC66D702953884F00905542 /* GenreListCell.swift */; };
		0AC66D742953CFBB00905542 /* Result.swift in Sources */ = {isa = PBXBuildFile; fileRef = 0AC66D732953CFBB00905542 /* Result.swift */; };
		0ACA71D7295D09FD007A8E83 /* Genre.swift in Sources */ = {isa = PBXBuildFile; fileRef = 0ACA71D6295D09FD007A8E83 /* Genre.swift */; };
		0AED72BB295654D9004E2286 /* Credits.swift in Sources */ = {isa = PBXBuildFile; fileRef = 0AED72BA295654D9004E2286 /* Credits.swift */; };
		0AED72BE29565FBE004E2286 /* CastCollectionViewCell.swift in Sources */ = {isa = PBXBuildFile; fileRef = 0AED72BD29565FBE004E2286 /* CastCollectionViewCell.swift */; };
		0AF1A5392952021900895A65 /* AppDelegate.swift in Sources */ = {isa = PBXBuildFile; fileRef = 0AF1A5382952021900895A65 /* AppDelegate.swift */; };
		0AF1A53B2952021900895A65 /* SceneDelegate.swift in Sources */ = {isa = PBXBuildFile; fileRef = 0AF1A53A2952021900895A65 /* SceneDelegate.swift */; };
		0AF1A5422952021900895A65 /* Assets.xcassets in Resources */ = {isa = PBXBuildFile; fileRef = 0AF1A5412952021900895A65 /* Assets.xcassets */; };
		0AF1A5452952021900895A65 /* LaunchScreen.storyboard in Resources */ = {isa = PBXBuildFile; fileRef = 0AF1A5432952021900895A65 /* LaunchScreen.storyboard */; };
		0AF1A54F2952073A00895A65 /* MainTabbarController.swift in Sources */ = {isa = PBXBuildFile; fileRef = 0AF1A54E2952073A00895A65 /* MainTabbarController.swift */; };
		0AF1A555295229FA00895A65 /* Constants.swift in Sources */ = {isa = PBXBuildFile; fileRef = 0AF1A554295229FA00895A65 /* Constants.swift */; };
		0AF1A55D29522AC400895A65 /* HomePresenter.swift in Sources */ = {isa = PBXBuildFile; fileRef = 0AF1A55729522AC400895A65 /* HomePresenter.swift */; };
		0AF1A55E29522AC400895A65 /* HomeWorker.swift in Sources */ = {isa = PBXBuildFile; fileRef = 0AF1A55829522AC400895A65 /* HomeWorker.swift */; };
		0AF1A55F29522AC400895A65 /* HomeRouter.swift in Sources */ = {isa = PBXBuildFile; fileRef = 0AF1A55929522AC400895A65 /* HomeRouter.swift */; };
		0AF1A56029522AC400895A65 /* HomeModels.swift in Sources */ = {isa = PBXBuildFile; fileRef = 0AF1A55A29522AC400895A65 /* HomeModels.swift */; };
		0AF1A56129522AC400895A65 /* HomeViewController.swift in Sources */ = {isa = PBXBuildFile; fileRef = 0AF1A55B29522AC400895A65 /* HomeViewController.swift */; };
		0AF1A56229522AC400895A65 /* HomeInteractor.swift in Sources */ = {isa = PBXBuildFile; fileRef = 0AF1A55C29522AC400895A65 /* HomeInteractor.swift */; };
		0AF1A56A29522B2F00895A65 /* DiscoverPresenter.swift in Sources */ = {isa = PBXBuildFile; fileRef = 0AF1A56429522B2F00895A65 /* DiscoverPresenter.swift */; };
		0AF1A56B29522B2F00895A65 /* DiscoverWorker.swift in Sources */ = {isa = PBXBuildFile; fileRef = 0AF1A56529522B2F00895A65 /* DiscoverWorker.swift */; };
		0AF1A56C29522B2F00895A65 /* DiscoverRouter.swift in Sources */ = {isa = PBXBuildFile; fileRef = 0AF1A56629522B2F00895A65 /* DiscoverRouter.swift */; };
		0AF1A56D29522B2F00895A65 /* DiscoverModels.swift in Sources */ = {isa = PBXBuildFile; fileRef = 0AF1A56729522B2F00895A65 /* DiscoverModels.swift */; };
		0AF1A56E29522B2F00895A65 /* DiscoverViewController.swift in Sources */ = {isa = PBXBuildFile; fileRef = 0AF1A56829522B2F00895A65 /* DiscoverViewController.swift */; };
		0AF1A56F29522B2F00895A65 /* DiscoverInteractor.swift in Sources */ = {isa = PBXBuildFile; fileRef = 0AF1A56929522B2F00895A65 /* DiscoverInteractor.swift */; };
		0AF1A57729522B9C00895A65 /* ProfilePresenter.swift in Sources */ = {isa = PBXBuildFile; fileRef = 0AF1A57129522B9C00895A65 /* ProfilePresenter.swift */; };
		0AF1A57829522B9C00895A65 /* ProfileWorker.swift in Sources */ = {isa = PBXBuildFile; fileRef = 0AF1A57229522B9C00895A65 /* ProfileWorker.swift */; };
		0AF1A57929522B9C00895A65 /* ProfileRouter.swift in Sources */ = {isa = PBXBuildFile; fileRef = 0AF1A57329522B9C00895A65 /* ProfileRouter.swift */; };
		0AF1A57A29522B9C00895A65 /* ProfileModels.swift in Sources */ = {isa = PBXBuildFile; fileRef = 0AF1A57429522B9C00895A65 /* ProfileModels.swift */; };
		0AF1A57B29522B9C00895A65 /* ProfileViewController.swift in Sources */ = {isa = PBXBuildFile; fileRef = 0AF1A57529522B9C00895A65 /* ProfileViewController.swift */; };
		0AF1A57C29522B9C00895A65 /* ProfileInteractor.swift in Sources */ = {isa = PBXBuildFile; fileRef = 0AF1A57629522B9C00895A65 /* ProfileInteractor.swift */; };
		0AF1A5802952385700895A65 /* LBTATools in Frameworks */ = {isa = PBXBuildFile; productRef = 0AF1A57F2952385700895A65 /* LBTATools */; };
		0AF1A588295242DD00895A65 /* PopularMovies.swift in Sources */ = {isa = PBXBuildFile; fileRef = 0AF1A587295242DD00895A65 /* PopularMovies.swift */; };
		0AF1A58B2952455B00895A65 /* Helpers.swift in Sources */ = {isa = PBXBuildFile; fileRef = 0AF1A58A2952455B00895A65 /* Helpers.swift */; };
		0AF1A58F29525AB700895A65 /* APIServices.swift in Sources */ = {isa = PBXBuildFile; fileRef = 0AF1A58E29525AB700895A65 /* APIServices.swift */; };
		0AF1A59129525BD700895A65 /* UpcomingMovies.swift in Sources */ = {isa = PBXBuildFile; fileRef = 0AF1A59029525BD700895A65 /* UpcomingMovies.swift */; };
		0AF1A59329525C4500895A65 /* TopRatedMovies.swift in Sources */ = {isa = PBXBuildFile; fileRef = 0AF1A59229525C4500895A65 /* TopRatedMovies.swift */; };
		0AF1A59529525CCF00895A65 /* NowPlayingMovies.swift in Sources */ = {isa = PBXBuildFile; fileRef = 0AF1A59429525CCF00895A65 /* NowPlayingMovies.swift */; };
		0AF1A597295261C000895A65 /* MockData.swift in Sources */ = {isa = PBXBuildFile; fileRef = 0AF1A596295261C000895A65 /* MockData.swift */; };
/* End PBXBuildFile section */

/* Begin PBXFileReference section */
		0A4DDB1E2958FF1A006D2E21 /* ContactPresenter.swift */ = {isa = PBXFileReference; lastKnownFileType = sourcecode.swift; path = ContactPresenter.swift; sourceTree = "<group>"; };
		0A4DDB1F2958FF1A006D2E21 /* ContactWorker.swift */ = {isa = PBXFileReference; lastKnownFileType = sourcecode.swift; path = ContactWorker.swift; sourceTree = "<group>"; };
		0A4DDB202958FF1A006D2E21 /* ContactRouter.swift */ = {isa = PBXFileReference; lastKnownFileType = sourcecode.swift; path = ContactRouter.swift; sourceTree = "<group>"; };
		0A4DDB212958FF1A006D2E21 /* ContactModels.swift */ = {isa = PBXFileReference; lastKnownFileType = sourcecode.swift; path = ContactModels.swift; sourceTree = "<group>"; };
		0A4DDB222958FF1A006D2E21 /* ContactViewController.swift */ = {isa = PBXFileReference; lastKnownFileType = sourcecode.swift; path = ContactViewController.swift; sourceTree = "<group>"; };
		0A4DDB232958FF1A006D2E21 /* ContactInteractor.swift */ = {isa = PBXFileReference; lastKnownFileType = sourcecode.swift; path = ContactInteractor.swift; sourceTree = "<group>"; };
		0A4DDB2C2958FF42006D2E21 /* ExplorePresenter.swift */ = {isa = PBXFileReference; lastKnownFileType = sourcecode.swift; path = ExplorePresenter.swift; sourceTree = "<group>"; };
		0A4DDB2D2958FF42006D2E21 /* ExploreWorker.swift */ = {isa = PBXFileReference; lastKnownFileType = sourcecode.swift; path = ExploreWorker.swift; sourceTree = "<group>"; };
		0A4DDB2E2958FF42006D2E21 /* ExploreRouter.swift */ = {isa = PBXFileReference; lastKnownFileType = sourcecode.swift; path = ExploreRouter.swift; sourceTree = "<group>"; };
		0A4DDB2F2958FF42006D2E21 /* ExploreModels.swift */ = {isa = PBXFileReference; lastKnownFileType = sourcecode.swift; path = ExploreModels.swift; sourceTree = "<group>"; };
		0A4DDB302958FF42006D2E21 /* ExploreViewController.swift */ = {isa = PBXFileReference; lastKnownFileType = sourcecode.swift; path = ExploreViewController.swift; sourceTree = "<group>"; };
		0A4DDB312958FF42006D2E21 /* ExploreInteractor.swift */ = {isa = PBXFileReference; lastKnownFileType = sourcecode.swift; path = ExploreInteractor.swift; sourceTree = "<group>"; };
		0A53C8A52960EB0D00CF8A86 /* AnimatedBgView.swift */ = {isa = PBXFileReference; lastKnownFileType = sourcecode.swift; path = AnimatedBgView.swift; sourceTree = "<group>"; };
		0A5C77232957A3D2005CB9F4 /* Recommendations.swift */ = {isa = PBXFileReference; lastKnownFileType = sourcecode.swift; path = Recommendations.swift; sourceTree = "<group>"; };
		0A5C77252957A684005CB9F4 /* RecommendationsCollectionViewCell.swift */ = {isa = PBXFileReference; lastKnownFileType = sourcecode.swift; path = RecommendationsCollectionViewCell.swift; sourceTree = "<group>"; };
		0A64CC4C296397740051D08E /* Sexuence+Extensions.swift */ = {isa = PBXFileReference; lastKnownFileType = sourcecode.swift; path = "Sexuence+Extensions.swift"; sourceTree = "<group>"; };
		0A64CC4F296398EA0051D08E /* Optional+Extensions.swift */ = {isa = PBXFileReference; lastKnownFileType = sourcecode.swift; path = "Optional+Extensions.swift"; sourceTree = "<group>"; };
		0A68E731295A3B3F00D89FCC /* DiscoverMovies.swift */ = {isa = PBXFileReference; lastKnownFileType = sourcecode.swift; path = DiscoverMovies.swift; sourceTree = "<group>"; };
		0A68E734295A3F2D00D89FCC /* MovieCollectionViewCell.swift */ = {isa = PBXFileReference; lastKnownFileType = sourcecode.swift; path = MovieCollectionViewCell.swift; sourceTree = "<group>"; };
		0A68E736295A6C6D00D89FCC /* SearchResult.swift */ = {isa = PBXFileReference; lastKnownFileType = sourcecode.swift; path = SearchResult.swift; sourceTree = "<group>"; };
		0A735B7C29547C8A009FDAED /* SliderMenuCellOnHome.swift */ = {isa = PBXFileReference; lastKnownFileType = sourcecode.swift; path = SliderMenuCellOnHome.swift; sourceTree = "<group>"; };
		0A801615295795DB008CA293 /* HomeHeaderReusableView.swift */ = {isa = PBXFileReference; lastKnownFileType = sourcecode.swift; path = HomeHeaderReusableView.swift; sourceTree = "<group>"; };
		0A8016172957963F008CA293 /* GenreHeaderCollectionReusableView.swift */ = {isa = PBXFileReference; lastKnownFileType = sourcecode.swift; path = GenreHeaderCollectionReusableView.swift; sourceTree = "<group>"; };
		0A87CAEF29532DD200B98BE0 /* UIView+Extensions.swift */ = {isa = PBXFileReference; lastKnownFileType = sourcecode.swift; path = "UIView+Extensions.swift"; sourceTree = "<group>"; };
		0A87CAF12953492F00B98BE0 /* HeaderView.swift */ = {isa = PBXFileReference; lastKnownFileType = sourcecode.swift; path = HeaderView.swift; sourceTree = "<group>"; };
		0A87CAF629535AC900B98BE0 /* MainButton.swift */ = {isa = PBXFileReference; lastKnownFileType = sourcecode.swift; path = MainButton.swift; sourceTree = "<group>"; };
		0AAF0E4C29549F5500F4B74E /* MovieDetailPresenter.swift */ = {isa = PBXFileReference; lastKnownFileType = sourcecode.swift; path = MovieDetailPresenter.swift; sourceTree = "<group>"; };
		0AAF0E4D29549F5500F4B74E /* MovieDetailWorker.swift */ = {isa = PBXFileReference; lastKnownFileType = sourcecode.swift; path = MovieDetailWorker.swift; sourceTree = "<group>"; };
		0AAF0E4E29549F5500F4B74E /* MovieDetailRouter.swift */ = {isa = PBXFileReference; lastKnownFileType = sourcecode.swift; path = MovieDetailRouter.swift; sourceTree = "<group>"; };
		0AAF0E4F29549F5500F4B74E /* MovieDetailModels.swift */ = {isa = PBXFileReference; lastKnownFileType = sourcecode.swift; path = MovieDetailModels.swift; sourceTree = "<group>"; };
		0AAF0E5029549F5500F4B74E /* MovieDetailViewController.swift */ = {isa = PBXFileReference; lastKnownFileType = sourcecode.swift; path = MovieDetailViewController.swift; sourceTree = "<group>"; };
		0AAF0E5129549F5500F4B74E /* MovieDetailInteractor.swift */ = {isa = PBXFileReference; lastKnownFileType = sourcecode.swift; path = MovieDetailInteractor.swift; sourceTree = "<group>"; };
		0AAF0E592954C60800F4B74E /* DetailedMovie.swift */ = {isa = PBXFileReference; lastKnownFileType = sourcecode.swift; path = DetailedMovie.swift; sourceTree = "<group>"; };
		0AAF0E5D2954D5AC00F4B74E /* Int+Extensions.swift */ = {isa = PBXFileReference; lastKnownFileType = sourcecode.swift; path = "Int+Extensions.swift"; sourceTree = "<group>"; };
		0AC66D6D2953873700905542 /* String+Extensions.swift */ = {isa = PBXFileReference; lastKnownFileType = sourcecode.swift; path = "String+Extensions.swift"; sourceTree = "<group>"; };
		0AC66D702953884F00905542 /* GenreListCell.swift */ = {isa = PBXFileReference; lastKnownFileType = sourcecode.swift; path = GenreListCell.swift; sourceTree = "<group>"; };
		0AC66D732953CFBB00905542 /* Result.swift */ = {isa = PBXFileReference; lastKnownFileType = sourcecode.swift; path = Result.swift; sourceTree = "<group>"; };
		0ACA71D6295D09FD007A8E83 /* Genre.swift */ = {isa = PBXFileReference; lastKnownFileType = sourcecode.swift; path = Genre.swift; sourceTree = "<group>"; };
		0AED72BA295654D9004E2286 /* Credits.swift */ = {isa = PBXFileReference; lastKnownFileType = sourcecode.swift; path = Credits.swift; sourceTree = "<group>"; };
		0AED72BD29565FBE004E2286 /* CastCollectionViewCell.swift */ = {isa = PBXFileReference; lastKnownFileType = sourcecode.swift; path = CastCollectionViewCell.swift; sourceTree = "<group>"; };
		0AF1A5352952021900895A65 /* Muddy.app */ = {isa = PBXFileReference; explicitFileType = wrapper.application; includeInIndex = 0; path = Muddy.app; sourceTree = BUILT_PRODUCTS_DIR; };
		0AF1A5382952021900895A65 /* AppDelegate.swift */ = {isa = PBXFileReference; lastKnownFileType = sourcecode.swift; path = AppDelegate.swift; sourceTree = "<group>"; };
		0AF1A53A2952021900895A65 /* SceneDelegate.swift */ = {isa = PBXFileReference; lastKnownFileType = sourcecode.swift; path = SceneDelegate.swift; sourceTree = "<group>"; };
		0AF1A5412952021900895A65 /* Assets.xcassets */ = {isa = PBXFileReference; lastKnownFileType = folder.assetcatalog; path = Assets.xcassets; sourceTree = "<group>"; };
		0AF1A5442952021900895A65 /* Base */ = {isa = PBXFileReference; lastKnownFileType = file.storyboard; name = Base; path = Base.lproj/LaunchScreen.storyboard; sourceTree = "<group>"; };
		0AF1A5462952021900895A65 /* Info.plist */ = {isa = PBXFileReference; lastKnownFileType = text.plist.xml; path = Info.plist; sourceTree = "<group>"; };
		0AF1A54E2952073A00895A65 /* MainTabbarController.swift */ = {isa = PBXFileReference; lastKnownFileType = sourcecode.swift; path = MainTabbarController.swift; sourceTree = "<group>"; };
		0AF1A554295229FA00895A65 /* Constants.swift */ = {isa = PBXFileReference; lastKnownFileType = sourcecode.swift; path = Constants.swift; sourceTree = "<group>"; };
		0AF1A55729522AC400895A65 /* HomePresenter.swift */ = {isa = PBXFileReference; lastKnownFileType = sourcecode.swift; path = HomePresenter.swift; sourceTree = "<group>"; };
		0AF1A55829522AC400895A65 /* HomeWorker.swift */ = {isa = PBXFileReference; lastKnownFileType = sourcecode.swift; path = HomeWorker.swift; sourceTree = "<group>"; };
		0AF1A55929522AC400895A65 /* HomeRouter.swift */ = {isa = PBXFileReference; lastKnownFileType = sourcecode.swift; path = HomeRouter.swift; sourceTree = "<group>"; };
		0AF1A55A29522AC400895A65 /* HomeModels.swift */ = {isa = PBXFileReference; lastKnownFileType = sourcecode.swift; path = HomeModels.swift; sourceTree = "<group>"; };
		0AF1A55B29522AC400895A65 /* HomeViewController.swift */ = {isa = PBXFileReference; lastKnownFileType = sourcecode.swift; path = HomeViewController.swift; sourceTree = "<group>"; };
		0AF1A55C29522AC400895A65 /* HomeInteractor.swift */ = {isa = PBXFileReference; lastKnownFileType = sourcecode.swift; path = HomeInteractor.swift; sourceTree = "<group>"; };
		0AF1A56429522B2F00895A65 /* DiscoverPresenter.swift */ = {isa = PBXFileReference; lastKnownFileType = sourcecode.swift; path = DiscoverPresenter.swift; sourceTree = "<group>"; };
		0AF1A56529522B2F00895A65 /* DiscoverWorker.swift */ = {isa = PBXFileReference; lastKnownFileType = sourcecode.swift; path = DiscoverWorker.swift; sourceTree = "<group>"; };
		0AF1A56629522B2F00895A65 /* DiscoverRouter.swift */ = {isa = PBXFileReference; lastKnownFileType = sourcecode.swift; path = DiscoverRouter.swift; sourceTree = "<group>"; };
		0AF1A56729522B2F00895A65 /* DiscoverModels.swift */ = {isa = PBXFileReference; lastKnownFileType = sourcecode.swift; path = DiscoverModels.swift; sourceTree = "<group>"; };
		0AF1A56829522B2F00895A65 /* DiscoverViewController.swift */ = {isa = PBXFileReference; lastKnownFileType = sourcecode.swift; path = DiscoverViewController.swift; sourceTree = "<group>"; };
		0AF1A56929522B2F00895A65 /* DiscoverInteractor.swift */ = {isa = PBXFileReference; lastKnownFileType = sourcecode.swift; path = DiscoverInteractor.swift; sourceTree = "<group>"; };
		0AF1A57129522B9C00895A65 /* ProfilePresenter.swift */ = {isa = PBXFileReference; lastKnownFileType = sourcecode.swift; path = ProfilePresenter.swift; sourceTree = "<group>"; };
		0AF1A57229522B9C00895A65 /* ProfileWorker.swift */ = {isa = PBXFileReference; lastKnownFileType = sourcecode.swift; path = ProfileWorker.swift; sourceTree = "<group>"; };
		0AF1A57329522B9C00895A65 /* ProfileRouter.swift */ = {isa = PBXFileReference; lastKnownFileType = sourcecode.swift; path = ProfileRouter.swift; sourceTree = "<group>"; };
		0AF1A57429522B9C00895A65 /* ProfileModels.swift */ = {isa = PBXFileReference; lastKnownFileType = sourcecode.swift; path = ProfileModels.swift; sourceTree = "<group>"; };
		0AF1A57529522B9C00895A65 /* ProfileViewController.swift */ = {isa = PBXFileReference; lastKnownFileType = sourcecode.swift; path = ProfileViewController.swift; sourceTree = "<group>"; };
		0AF1A57629522B9C00895A65 /* ProfileInteractor.swift */ = {isa = PBXFileReference; lastKnownFileType = sourcecode.swift; path = ProfileInteractor.swift; sourceTree = "<group>"; };
		0AF1A587295242DD00895A65 /* PopularMovies.swift */ = {isa = PBXFileReference; lastKnownFileType = sourcecode.swift; path = PopularMovies.swift; sourceTree = "<group>"; };
		0AF1A58A2952455B00895A65 /* Helpers.swift */ = {isa = PBXFileReference; lastKnownFileType = sourcecode.swift; path = Helpers.swift; sourceTree = "<group>"; };
		0AF1A58E29525AB700895A65 /* APIServices.swift */ = {isa = PBXFileReference; lastKnownFileType = sourcecode.swift; path = APIServices.swift; sourceTree = "<group>"; };
		0AF1A59029525BD700895A65 /* UpcomingMovies.swift */ = {isa = PBXFileReference; lastKnownFileType = sourcecode.swift; path = UpcomingMovies.swift; sourceTree = "<group>"; };
		0AF1A59229525C4500895A65 /* TopRatedMovies.swift */ = {isa = PBXFileReference; lastKnownFileType = sourcecode.swift; path = TopRatedMovies.swift; sourceTree = "<group>"; };
		0AF1A59429525CCF00895A65 /* NowPlayingMovies.swift */ = {isa = PBXFileReference; lastKnownFileType = sourcecode.swift; path = NowPlayingMovies.swift; sourceTree = "<group>"; };
		0AF1A596295261C000895A65 /* MockData.swift */ = {isa = PBXFileReference; lastKnownFileType = sourcecode.swift; path = MockData.swift; sourceTree = "<group>"; };
/* End PBXFileReference section */

/* Begin PBXFrameworksBuildPhase section */
		0AF1A5322952021900895A65 /* Frameworks */ = {
			isa = PBXFrameworksBuildPhase;
			buildActionMask = 2147483647;
			files = (
				0A87CAF529534AA100B98BE0 /* Kingfisher in Frameworks */,
				0AF1A5802952385700895A65 /* LBTATools in Frameworks */,
				0A68E730295A3A0900D89FCC /* CollectionViewSlantedLayout in Frameworks */,
			);
			runOnlyForDeploymentPostprocessing = 0;
		};
/* End PBXFrameworksBuildPhase section */

/* Begin PBXGroup section */
		0A4DDB2A2958FF25006D2E21 /* Contact */ = {
			isa = PBXGroup;
			children = (
				0A4DDB1E2958FF1A006D2E21 /* ContactPresenter.swift */,
				0A4DDB1F2958FF1A006D2E21 /* ContactWorker.swift */,
				0A4DDB202958FF1A006D2E21 /* ContactRouter.swift */,
				0A4DDB212958FF1A006D2E21 /* ContactModels.swift */,
				0A4DDB222958FF1A006D2E21 /* ContactViewController.swift */,
				0A4DDB232958FF1A006D2E21 /* ContactInteractor.swift */,
			);
			path = Contact;
			sourceTree = "<group>";
		};
		0A4DDB2B2958FF2F006D2E21 /* Explore */ = {
			isa = PBXGroup;
			children = (
				0A68E733295A3F1A00D89FCC /* View */,
				0A4DDB2C2958FF42006D2E21 /* ExplorePresenter.swift */,
				0A4DDB2D2958FF42006D2E21 /* ExploreWorker.swift */,
				0A4DDB2E2958FF42006D2E21 /* ExploreRouter.swift */,
				0A4DDB2F2958FF42006D2E21 /* ExploreModels.swift */,
				0A4DDB302958FF42006D2E21 /* ExploreViewController.swift */,
				0A4DDB312958FF42006D2E21 /* ExploreInteractor.swift */,
			);
			path = Explore;
			sourceTree = "<group>";
		};
		0A53C8A42960EAFD00CF8A86 /* View */ = {
			isa = PBXGroup;
			children = (
				0A53C8A52960EB0D00CF8A86 /* AnimatedBgView.swift */,
			);
			path = View;
			sourceTree = "<group>";
		};
		0A68E733295A3F1A00D89FCC /* View */ = {
			isa = PBXGroup;
			children = (
				0A68E734295A3F2D00D89FCC /* MovieCollectionViewCell.swift */,
			);
			path = View;
			sourceTree = "<group>";
		};
		0A87CAEE29532DBA00B98BE0 /* Extensions */ = {
			isa = PBXGroup;
			children = (
				0A87CAEF29532DD200B98BE0 /* UIView+Extensions.swift */,
				0AC66D6D2953873700905542 /* String+Extensions.swift */,
				0AAF0E5D2954D5AC00F4B74E /* Int+Extensions.swift */,
				0A64CC4C296397740051D08E /* Sexuence+Extensions.swift */,
				0A64CC4F296398EA0051D08E /* Optional+Extensions.swift */,
			);
			path = Extensions;
			sourceTree = "<group>";
		};
		0AAF0E5829549F5F00F4B74E /* MovieDetail */ = {
			isa = PBXGroup;
			children = (
				0AED72BC29565FA0004E2286 /* View */,
				0AAF0E4C29549F5500F4B74E /* MovieDetailPresenter.swift */,
				0AAF0E4D29549F5500F4B74E /* MovieDetailWorker.swift */,
				0AAF0E4E29549F5500F4B74E /* MovieDetailRouter.swift */,
				0AAF0E4F29549F5500F4B74E /* MovieDetailModels.swift */,
				0AAF0E5029549F5500F4B74E /* MovieDetailViewController.swift */,
				0AAF0E5129549F5500F4B74E /* MovieDetailInteractor.swift */,
			);
			path = MovieDetail;
			sourceTree = "<group>";
		};
		0AAF0E5B2954C7C100F4B74E /* API */ = {
			isa = PBXGroup;
			children = (
				0AF1A58E29525AB700895A65 /* APIServices.swift */,
			);
			path = API;
			sourceTree = "<group>";
		};
		0AC66D6F2953884500905542 /* View */ = {
			isa = PBXGroup;
			children = (
				0A87CAF12953492F00B98BE0 /* HeaderView.swift */,
				0AC66D702953884F00905542 /* GenreListCell.swift */,
				0A735B7C29547C8A009FDAED /* SliderMenuCellOnHome.swift */,
				0A801615295795DB008CA293 /* HomeHeaderReusableView.swift */,
				0A8016172957963F008CA293 /* GenreHeaderCollectionReusableView.swift */,
			);
			path = View;
			sourceTree = "<group>";
		};
		0AED72BC29565FA0004E2286 /* View */ = {
			isa = PBXGroup;
			children = (
				0AED72BD29565FBE004E2286 /* CastCollectionViewCell.swift */,
				0A5C77252957A684005CB9F4 /* RecommendationsCollectionViewCell.swift */,
			);
			path = View;
			sourceTree = "<group>";
		};
		0AF1A52C2952021900895A65 = {
			isa = PBXGroup;
			children = (
				0AF1A5372952021900895A65 /* Muddy */,
				0AF1A5362952021900895A65 /* Products */,
			);
			sourceTree = "<group>";
		};
		0AF1A5362952021900895A65 /* Products */ = {
			isa = PBXGroup;
			children = (
				0AF1A5352952021900895A65 /* Muddy.app */,
			);
			name = Products;
			sourceTree = "<group>";
		};
		0AF1A5372952021900895A65 /* Muddy */ = {
			isa = PBXGroup;
			children = (
				0AAF0E5B2954C7C100F4B74E /* API */,
				0A87CAEE29532DBA00B98BE0 /* Extensions */,
				0AF1A5892952455200895A65 /* Helpers */,
				0AF1A586295242D200895A65 /* Models */,
				0AF1A57D29522BF100895A65 /* Components */,
				0AF1A54D2952043000895A65 /* Scenes */,
				0AF1A54C2952042B00895A65 /* Resoures */,
				0AF1A5462952021900895A65 /* Info.plist */,
			);
			path = Muddy;
			sourceTree = "<group>";
		};
		0AF1A54C2952042B00895A65 /* Resoures */ = {
			isa = PBXGroup;
			children = (
				0AF1A5382952021900895A65 /* AppDelegate.swift */,
				0AF1A53A2952021900895A65 /* SceneDelegate.swift */,
				0AF1A5412952021900895A65 /* Assets.xcassets */,
				0AF1A5432952021900895A65 /* LaunchScreen.storyboard */,
			);
			path = Resoures;
			sourceTree = "<group>";
		};
		0AF1A54D2952043000895A65 /* Scenes */ = {
			isa = PBXGroup;
			children = (
				0A4DDB2B2958FF2F006D2E21 /* Explore */,
				0A4DDB2A2958FF25006D2E21 /* Contact */,
				0AAF0E5829549F5F00F4B74E /* MovieDetail */,
				0AF1A57029522B8400895A65 /* Profile */,
				0AF1A56329522B2100895A65 /* Discover */,
				0AF1A55629522AB900895A65 /* Home */,
				0AF1A55329520A2500895A65 /* Tabbar */,
			);
			path = Scenes;
			sourceTree = "<group>";
		};
		0AF1A55329520A2500895A65 /* Tabbar */ = {
			isa = PBXGroup;
			children = (
				0AF1A54E2952073A00895A65 /* MainTabbarController.swift */,
			);
			path = Tabbar;
			sourceTree = "<group>";
		};
		0AF1A55629522AB900895A65 /* Home */ = {
			isa = PBXGroup;
			children = (
				0AC66D6F2953884500905542 /* View */,
				0AF1A55729522AC400895A65 /* HomePresenter.swift */,
				0AF1A55829522AC400895A65 /* HomeWorker.swift */,
				0AF1A55929522AC400895A65 /* HomeRouter.swift */,
				0AF1A55A29522AC400895A65 /* HomeModels.swift */,
				0AF1A55B29522AC400895A65 /* HomeViewController.swift */,
				0AF1A55C29522AC400895A65 /* HomeInteractor.swift */,
			);
			path = Home;
			sourceTree = "<group>";
		};
		0AF1A56329522B2100895A65 /* Discover */ = {
			isa = PBXGroup;
			children = (
				0A53C8A42960EAFD00CF8A86 /* View */,
				0AF1A56429522B2F00895A65 /* DiscoverPresenter.swift */,
				0AF1A56529522B2F00895A65 /* DiscoverWorker.swift */,
				0AF1A56629522B2F00895A65 /* DiscoverRouter.swift */,
				0AF1A56729522B2F00895A65 /* DiscoverModels.swift */,
				0AF1A56829522B2F00895A65 /* DiscoverViewController.swift */,
				0AF1A56929522B2F00895A65 /* DiscoverInteractor.swift */,
			);
			path = Discover;
			sourceTree = "<group>";
		};
		0AF1A57029522B8400895A65 /* Profile */ = {
			isa = PBXGroup;
			children = (
				0AF1A57129522B9C00895A65 /* ProfilePresenter.swift */,
				0AF1A57229522B9C00895A65 /* ProfileWorker.swift */,
				0AF1A57329522B9C00895A65 /* ProfileRouter.swift */,
				0AF1A57429522B9C00895A65 /* ProfileModels.swift */,
				0AF1A57529522B9C00895A65 /* ProfileViewController.swift */,
				0AF1A57629522B9C00895A65 /* ProfileInteractor.swift */,
			);
			path = Profile;
			sourceTree = "<group>";
		};
		0AF1A57D29522BF100895A65 /* Components */ = {
			isa = PBXGroup;
			children = (
				0A87CAF629535AC900B98BE0 /* MainButton.swift */,
			);
			path = Components;
			sourceTree = "<group>";
		};
		0AF1A586295242D200895A65 /* Models */ = {
			isa = PBXGroup;
			children = (
				0AF1A587295242DD00895A65 /* PopularMovies.swift */,
				0AF1A59029525BD700895A65 /* UpcomingMovies.swift */,
				0AF1A59229525C4500895A65 /* TopRatedMovies.swift */,
				0AF1A59429525CCF00895A65 /* NowPlayingMovies.swift */,
				0AC66D732953CFBB00905542 /* Result.swift */,
				0AAF0E592954C60800F4B74E /* DetailedMovie.swift */,
				0AED72BA295654D9004E2286 /* Credits.swift */,
				0A5C77232957A3D2005CB9F4 /* Recommendations.swift */,
				0A68E731295A3B3F00D89FCC /* DiscoverMovies.swift */,
				0A68E736295A6C6D00D89FCC /* SearchResult.swift */,
				0ACA71D6295D09FD007A8E83 /* Genre.swift */,
			);
			path = Models;
			sourceTree = "<group>";
		};
		0AF1A5892952455200895A65 /* Helpers */ = {
			isa = PBXGroup;
			children = (
				0AF1A58A2952455B00895A65 /* Helpers.swift */,
				0AF1A596295261C000895A65 /* MockData.swift */,
				0AF1A554295229FA00895A65 /* Constants.swift */,
			);
			path = Helpers;
			sourceTree = "<group>";
		};
/* End PBXGroup section */

/* Begin PBXNativeTarget section */
		0AF1A5342952021900895A65 /* Muddy */ = {
			isa = PBXNativeTarget;
			buildConfigurationList = 0AF1A5492952021900895A65 /* Build configuration list for PBXNativeTarget "Muddy" */;
			buildPhases = (
				0AF1A5312952021900895A65 /* Sources */,
				0AF1A5322952021900895A65 /* Frameworks */,
				0AF1A5332952021900895A65 /* Resources */,
			);
			buildRules = (
			);
			dependencies = (
			);
			name = Muddy;
			packageProductDependencies = (
				0AF1A57F2952385700895A65 /* LBTATools */,
				0A87CAF429534AA100B98BE0 /* Kingfisher */,
				0A68E72F295A3A0900D89FCC /* CollectionViewSlantedLayout */,
			);
			productName = Muddy;
			productReference = 0AF1A5352952021900895A65 /* Muddy.app */;
			productType = "com.apple.product-type.application";
		};
/* End PBXNativeTarget section */

/* Begin PBXProject section */
		0AF1A52D2952021900895A65 /* Project object */ = {
			isa = PBXProject;
			attributes = {
				BuildIndependentTargetsInParallel = 1;
				LastSwiftUpdateCheck = 1410;
				LastUpgradeCheck = 1410;
				TargetAttributes = {
					0AF1A5342952021900895A65 = {
						CreatedOnToolsVersion = 14.1;
					};
				};
			};
			buildConfigurationList = 0AF1A5302952021900895A65 /* Build configuration list for PBXProject "Muddy" */;
			compatibilityVersion = "Xcode 14.0";
			developmentRegion = en;
			hasScannedForEncodings = 0;
			knownRegions = (
				en,
				Base,
			);
			mainGroup = 0AF1A52C2952021900895A65;
			packageReferences = (
				0AF1A57E2952385700895A65 /* XCRemoteSwiftPackageReference "LBTATools" */,
				0A87CAF329534AA100B98BE0 /* XCRemoteSwiftPackageReference "Kingfisher" */,
				0A68E72E295A3A0900D89FCC /* XCRemoteSwiftPackageReference "CollectionViewSlantedLayout" */,
			);
			productRefGroup = 0AF1A5362952021900895A65 /* Products */;
			projectDirPath = "";
			projectRoot = "";
			targets = (
				0AF1A5342952021900895A65 /* Muddy */,
			);
		};
/* End PBXProject section */

/* Begin PBXResourcesBuildPhase section */
		0AF1A5332952021900895A65 /* Resources */ = {
			isa = PBXResourcesBuildPhase;
			buildActionMask = 2147483647;
			files = (
				0AF1A5452952021900895A65 /* LaunchScreen.storyboard in Resources */,
				0AF1A5422952021900895A65 /* Assets.xcassets in Resources */,
			);
			runOnlyForDeploymentPostprocessing = 0;
		};
/* End PBXResourcesBuildPhase section */

/* Begin PBXSourcesBuildPhase section */
		0AF1A5312952021900895A65 /* Sources */ = {
			isa = PBXSourcesBuildPhase;
			buildActionMask = 2147483647;
			files = (
				0A4DDB372958FF42006D2E21 /* ExploreInteractor.swift in Sources */,
				0AF1A588295242DD00895A65 /* PopularMovies.swift in Sources */,
				0AAF0E5529549F5500F4B74E /* MovieDetailModels.swift in Sources */,
				0A64CC4D296397740051D08E /* Sexuence+Extensions.swift in Sources */,
				0ACA71D7295D09FD007A8E83 /* Genre.swift in Sources */,
				0AAF0E5A2954C60800F4B74E /* DetailedMovie.swift in Sources */,
				0AF1A555295229FA00895A65 /* Constants.swift in Sources */,
				0AF1A56229522AC400895A65 /* HomeInteractor.swift in Sources */,
				0AF1A56029522AC400895A65 /* HomeModels.swift in Sources */,
				0A68E737295A6C6D00D89FCC /* SearchResult.swift in Sources */,
				0A4DDB322958FF42006D2E21 /* ExplorePresenter.swift in Sources */,
				0A4DDB272958FF1A006D2E21 /* ContactModels.swift in Sources */,
				0AF1A55E29522AC400895A65 /* HomeWorker.swift in Sources */,
				0A4DDB352958FF42006D2E21 /* ExploreModels.swift in Sources */,
				0A68E732295A3B3F00D89FCC /* DiscoverMovies.swift in Sources */,
				0AF1A57929522B9C00895A65 /* ProfileRouter.swift in Sources */,
				0AF1A57B29522B9C00895A65 /* ProfileViewController.swift in Sources */,
				0AF1A597295261C000895A65 /* MockData.swift in Sources */,
				0AF1A59129525BD700895A65 /* UpcomingMovies.swift in Sources */,
				0A64CC50296398EA0051D08E /* Optional+Extensions.swift in Sources */,
				0AF1A56E29522B2F00895A65 /* DiscoverViewController.swift in Sources */,
				0AAF0E5229549F5500F4B74E /* MovieDetailPresenter.swift in Sources */,
				0AF1A56B29522B2F00895A65 /* DiscoverWorker.swift in Sources */,
				0AC66D742953CFBB00905542 /* Result.swift in Sources */,
				0AF1A56A29522B2F00895A65 /* DiscoverPresenter.swift in Sources */,
				0AC66D6E2953873700905542 /* String+Extensions.swift in Sources */,
				0A801616295795DB008CA293 /* HomeHeaderReusableView.swift in Sources */,
				0AF1A57C29522B9C00895A65 /* ProfileInteractor.swift in Sources */,
				0A4DDB242958FF1A006D2E21 /* ContactPresenter.swift in Sources */,
				0AF1A56F29522B2F00895A65 /* DiscoverInteractor.swift in Sources */,
				0AF1A58B2952455B00895A65 /* Helpers.swift in Sources */,
				0AF1A5392952021900895A65 /* AppDelegate.swift in Sources */,
				0AF1A56129522AC400895A65 /* HomeViewController.swift in Sources */,
				0A53C8A62960EB0D00CF8A86 /* AnimatedBgView.swift in Sources */,
				0A4DDB292958FF1A006D2E21 /* ContactInteractor.swift in Sources */,
				0A735B7D29547C8A009FDAED /* SliderMenuCellOnHome.swift in Sources */,
				0A68E735295A3F2D00D89FCC /* MovieCollectionViewCell.swift in Sources */,
				0AAF0E5329549F5500F4B74E /* MovieDetailWorker.swift in Sources */,
				0AF1A57A29522B9C00895A65 /* ProfileModels.swift in Sources */,
				0AF1A57829522B9C00895A65 /* ProfileWorker.swift in Sources */,
				0A4DDB362958FF42006D2E21 /* ExploreViewController.swift in Sources */,
				0AAF0E5629549F5500F4B74E /* MovieDetailViewController.swift in Sources */,
				0AF1A55D29522AC400895A65 /* HomePresenter.swift in Sources */,
				0AF1A59529525CCF00895A65 /* NowPlayingMovies.swift in Sources */,
				0AAF0E5E2954D5AC00F4B74E /* Int+Extensions.swift in Sources */,
				0AF1A56D29522B2F00895A65 /* DiscoverModels.swift in Sources */,
				0AF1A55F29522AC400895A65 /* HomeRouter.swift in Sources */,
				0AF1A57729522B9C00895A65 /* ProfilePresenter.swift in Sources */,
				0AED72BE29565FBE004E2286 /* CastCollectionViewCell.swift in Sources */,
				0A4DDB252958FF1A006D2E21 /* ContactWorker.swift in Sources */,
				0A4DDB342958FF42006D2E21 /* ExploreRouter.swift in Sources */,
				0AF1A56C29522B2F00895A65 /* DiscoverRouter.swift in Sources */,
				0A4DDB282958FF1A006D2E21 /* ContactViewController.swift in Sources */,
				0AAF0E5729549F5500F4B74E /* MovieDetailInteractor.swift in Sources */,
				0AF1A54F2952073A00895A65 /* MainTabbarController.swift in Sources */,
				0A8016182957963F008CA293 /* GenreHeaderCollectionReusableView.swift in Sources */,
				0A5C77242957A3D2005CB9F4 /* Recommendations.swift in Sources */,
				0AC66D712953884F00905542 /* GenreListCell.swift in Sources */,
				0AF1A59329525C4500895A65 /* TopRatedMovies.swift in Sources */,
				0A87CAF22953492F00B98BE0 /* HeaderView.swift in Sources */,
				0A4DDB332958FF42006D2E21 /* ExploreWorker.swift in Sources */,
				0A87CAF729535AC900B98BE0 /* MainButton.swift in Sources */,
				0A4DDB262958FF1A006D2E21 /* ContactRouter.swift in Sources */,
				0A87CAF029532DD200B98BE0 /* UIView+Extensions.swift in Sources */,
				0AAF0E5429549F5500F4B74E /* MovieDetailRouter.swift in Sources */,
				0AF1A53B2952021900895A65 /* SceneDelegate.swift in Sources */,
				0A5C77262957A684005CB9F4 /* RecommendationsCollectionViewCell.swift in Sources */,
				0AED72BB295654D9004E2286 /* Credits.swift in Sources */,
				0AF1A58F29525AB700895A65 /* APIServices.swift in Sources */,
			);
			runOnlyForDeploymentPostprocessing = 0;
		};
/* End PBXSourcesBuildPhase section */

/* Begin PBXVariantGroup section */
		0AF1A5432952021900895A65 /* LaunchScreen.storyboard */ = {
			isa = PBXVariantGroup;
			children = (
				0AF1A5442952021900895A65 /* Base */,
			);
			name = LaunchScreen.storyboard;
			sourceTree = "<group>";
		};
/* End PBXVariantGroup section */

/* Begin XCBuildConfiguration section */
		0AF1A5472952021900895A65 /* Debug */ = {
			isa = XCBuildConfiguration;
			buildSettings = {
				ALWAYS_SEARCH_USER_PATHS = NO;
				CLANG_ANALYZER_NONNULL = YES;
				CLANG_ANALYZER_NUMBER_OBJECT_CONVERSION = YES_AGGRESSIVE;
				CLANG_CXX_LANGUAGE_STANDARD = "gnu++20";
				CLANG_ENABLE_MODULES = YES;
				CLANG_ENABLE_OBJC_ARC = YES;
				CLANG_ENABLE_OBJC_WEAK = YES;
				CLANG_WARN_BLOCK_CAPTURE_AUTORELEASING = YES;
				CLANG_WARN_BOOL_CONVERSION = YES;
				CLANG_WARN_COMMA = YES;
				CLANG_WARN_CONSTANT_CONVERSION = YES;
				CLANG_WARN_DEPRECATED_OBJC_IMPLEMENTATIONS = YES;
				CLANG_WARN_DIRECT_OBJC_ISA_USAGE = YES_ERROR;
				CLANG_WARN_DOCUMENTATION_COMMENTS = YES;
				CLANG_WARN_EMPTY_BODY = YES;
				CLANG_WARN_ENUM_CONVERSION = YES;
				CLANG_WARN_INFINITE_RECURSION = YES;
				CLANG_WARN_INT_CONVERSION = YES;
				CLANG_WARN_NON_LITERAL_NULL_CONVERSION = YES;
				CLANG_WARN_OBJC_IMPLICIT_RETAIN_SELF = YES;
				CLANG_WARN_OBJC_LITERAL_CONVERSION = YES;
				CLANG_WARN_OBJC_ROOT_CLASS = YES_ERROR;
				CLANG_WARN_QUOTED_INCLUDE_IN_FRAMEWORK_HEADER = YES;
				CLANG_WARN_RANGE_LOOP_ANALYSIS = YES;
				CLANG_WARN_STRICT_PROTOTYPES = YES;
				CLANG_WARN_SUSPICIOUS_MOVE = YES;
				CLANG_WARN_UNGUARDED_AVAILABILITY = YES_AGGRESSIVE;
				CLANG_WARN_UNREACHABLE_CODE = YES;
				CLANG_WARN__DUPLICATE_METHOD_MATCH = YES;
				COPY_PHASE_STRIP = NO;
				DEBUG_INFORMATION_FORMAT = dwarf;
				ENABLE_STRICT_OBJC_MSGSEND = YES;
				ENABLE_TESTABILITY = YES;
				GCC_C_LANGUAGE_STANDARD = gnu11;
				GCC_DYNAMIC_NO_PIC = NO;
				GCC_NO_COMMON_BLOCKS = YES;
				GCC_OPTIMIZATION_LEVEL = 0;
				GCC_PREPROCESSOR_DEFINITIONS = (
					"DEBUG=1",
					"$(inherited)",
				);
				GCC_WARN_64_TO_32_BIT_CONVERSION = YES;
				GCC_WARN_ABOUT_RETURN_TYPE = YES_ERROR;
				GCC_WARN_UNDECLARED_SELECTOR = YES;
				GCC_WARN_UNINITIALIZED_AUTOS = YES_AGGRESSIVE;
				GCC_WARN_UNUSED_FUNCTION = YES;
				GCC_WARN_UNUSED_VARIABLE = YES;
				IPHONEOS_DEPLOYMENT_TARGET = 16.1;
				MTL_ENABLE_DEBUG_INFO = INCLUDE_SOURCE;
				MTL_FAST_MATH = YES;
				ONLY_ACTIVE_ARCH = YES;
				SDKROOT = iphoneos;
				SWIFT_ACTIVE_COMPILATION_CONDITIONS = DEBUG;
				SWIFT_OPTIMIZATION_LEVEL = "-Onone";
			};
			name = Debug;
		};
		0AF1A5482952021900895A65 /* Release */ = {
			isa = XCBuildConfiguration;
			buildSettings = {
				ALWAYS_SEARCH_USER_PATHS = NO;
				CLANG_ANALYZER_NONNULL = YES;
				CLANG_ANALYZER_NUMBER_OBJECT_CONVERSION = YES_AGGRESSIVE;
				CLANG_CXX_LANGUAGE_STANDARD = "gnu++20";
				CLANG_ENABLE_MODULES = YES;
				CLANG_ENABLE_OBJC_ARC = YES;
				CLANG_ENABLE_OBJC_WEAK = YES;
				CLANG_WARN_BLOCK_CAPTURE_AUTORELEASING = YES;
				CLANG_WARN_BOOL_CONVERSION = YES;
				CLANG_WARN_COMMA = YES;
				CLANG_WARN_CONSTANT_CONVERSION = YES;
				CLANG_WARN_DEPRECATED_OBJC_IMPLEMENTATIONS = YES;
				CLANG_WARN_DIRECT_OBJC_ISA_USAGE = YES_ERROR;
				CLANG_WARN_DOCUMENTATION_COMMENTS = YES;
				CLANG_WARN_EMPTY_BODY = YES;
				CLANG_WARN_ENUM_CONVERSION = YES;
				CLANG_WARN_INFINITE_RECURSION = YES;
				CLANG_WARN_INT_CONVERSION = YES;
				CLANG_WARN_NON_LITERAL_NULL_CONVERSION = YES;
				CLANG_WARN_OBJC_IMPLICIT_RETAIN_SELF = YES;
				CLANG_WARN_OBJC_LITERAL_CONVERSION = YES;
				CLANG_WARN_OBJC_ROOT_CLASS = YES_ERROR;
				CLANG_WARN_QUOTED_INCLUDE_IN_FRAMEWORK_HEADER = YES;
				CLANG_WARN_RANGE_LOOP_ANALYSIS = YES;
				CLANG_WARN_STRICT_PROTOTYPES = YES;
				CLANG_WARN_SUSPICIOUS_MOVE = YES;
				CLANG_WARN_UNGUARDED_AVAILABILITY = YES_AGGRESSIVE;
				CLANG_WARN_UNREACHABLE_CODE = YES;
				CLANG_WARN__DUPLICATE_METHOD_MATCH = YES;
				COPY_PHASE_STRIP = NO;
				DEBUG_INFORMATION_FORMAT = "dwarf-with-dsym";
				ENABLE_NS_ASSERTIONS = NO;
				ENABLE_STRICT_OBJC_MSGSEND = YES;
				GCC_C_LANGUAGE_STANDARD = gnu11;
				GCC_NO_COMMON_BLOCKS = YES;
				GCC_WARN_64_TO_32_BIT_CONVERSION = YES;
				GCC_WARN_ABOUT_RETURN_TYPE = YES_ERROR;
				GCC_WARN_UNDECLARED_SELECTOR = YES;
				GCC_WARN_UNINITIALIZED_AUTOS = YES_AGGRESSIVE;
				GCC_WARN_UNUSED_FUNCTION = YES;
				GCC_WARN_UNUSED_VARIABLE = YES;
				IPHONEOS_DEPLOYMENT_TARGET = 16.1;
				MTL_ENABLE_DEBUG_INFO = NO;
				MTL_FAST_MATH = YES;
				SDKROOT = iphoneos;
				SWIFT_COMPILATION_MODE = wholemodule;
				SWIFT_OPTIMIZATION_LEVEL = "-O";
				VALIDATE_PRODUCT = YES;
			};
			name = Release;
		};
		0AF1A54A2952021900895A65 /* Debug */ = {
			isa = XCBuildConfiguration;
			buildSettings = {
				ASSETCATALOG_COMPILER_APPICON_NAME = AppIcon;
				ASSETCATALOG_COMPILER_GLOBAL_ACCENT_COLOR_NAME = AccentColor;
				CODE_SIGN_STYLE = Automatic;
				CURRENT_PROJECT_VERSION = 1;
				DEVELOPMENT_TEAM = HJ3CX8Z5MV;
				GENERATE_INFOPLIST_FILE = YES;
				INFOPLIST_FILE = Muddy/Info.plist;
				INFOPLIST_KEY_UIApplicationSupportsIndirectInputEvents = YES;
				INFOPLIST_KEY_UILaunchStoryboardName = LaunchScreen;
				INFOPLIST_KEY_UISupportedInterfaceOrientations = UIInterfaceOrientationPortrait;
				INFOPLIST_KEY_UISupportedInterfaceOrientations_iPad = "UIInterfaceOrientationLandscapeLeft UIInterfaceOrientationLandscapeRight UIInterfaceOrientationPortrait UIInterfaceOrientationPortraitUpsideDown";
				INFOPLIST_KEY_UIUserInterfaceStyle = Dark;
				LD_RUNPATH_SEARCH_PATHS = (
					"$(inherited)",
					"@executable_path/Frameworks",
				);
				MARKETING_VERSION = 1.0;
				PRODUCT_BUNDLE_IDENTIFIER = com.boraerdem.Muddy;
				PRODUCT_NAME = "$(TARGET_NAME)";
				SWIFT_EMIT_LOC_STRINGS = YES;
				SWIFT_VERSION = 5.0;
				TARGETED_DEVICE_FAMILY = "1,2";
			};
			name = Debug;
		};
		0AF1A54B2952021900895A65 /* Release */ = {
			isa = XCBuildConfiguration;
			buildSettings = {
				ASSETCATALOG_COMPILER_APPICON_NAME = AppIcon;
				ASSETCATALOG_COMPILER_GLOBAL_ACCENT_COLOR_NAME = AccentColor;
				CODE_SIGN_STYLE = Automatic;
				CURRENT_PROJECT_VERSION = 1;
				DEVELOPMENT_TEAM = HJ3CX8Z5MV;
				GENERATE_INFOPLIST_FILE = YES;
				INFOPLIST_FILE = Muddy/Info.plist;
				INFOPLIST_KEY_UIApplicationSupportsIndirectInputEvents = YES;
				INFOPLIST_KEY_UILaunchStoryboardName = LaunchScreen;
				INFOPLIST_KEY_UISupportedInterfaceOrientations = UIInterfaceOrientationPortrait;
				INFOPLIST_KEY_UISupportedInterfaceOrientations_iPad = "UIInterfaceOrientationLandscapeLeft UIInterfaceOrientationLandscapeRight UIInterfaceOrientationPortrait UIInterfaceOrientationPortraitUpsideDown";
				INFOPLIST_KEY_UIUserInterfaceStyle = Dark;
				LD_RUNPATH_SEARCH_PATHS = (
					"$(inherited)",
					"@executable_path/Frameworks",
				);
				MARKETING_VERSION = 1.0;
				PRODUCT_BUNDLE_IDENTIFIER = com.boraerdem.Muddy;
				PRODUCT_NAME = "$(TARGET_NAME)";
				SWIFT_EMIT_LOC_STRINGS = YES;
				SWIFT_VERSION = 5.0;
				TARGETED_DEVICE_FAMILY = "1,2";
			};
			name = Release;
		};
/* End XCBuildConfiguration section */

/* Begin XCConfigurationList section */
		0AF1A5302952021900895A65 /* Build configuration list for PBXProject "Muddy" */ = {
			isa = XCConfigurationList;
			buildConfigurations = (
				0AF1A5472952021900895A65 /* Debug */,
				0AF1A5482952021900895A65 /* Release */,
			);
			defaultConfigurationIsVisible = 0;
			defaultConfigurationName = Release;
		};
		0AF1A5492952021900895A65 /* Build configuration list for PBXNativeTarget "Muddy" */ = {
			isa = XCConfigurationList;
			buildConfigurations = (
				0AF1A54A2952021900895A65 /* Debug */,
				0AF1A54B2952021900895A65 /* Release */,
			);
			defaultConfigurationIsVisible = 0;
			defaultConfigurationName = Release;
		};
/* End XCConfigurationList section */

/* Begin XCRemoteSwiftPackageReference section */
		0A68E72E295A3A0900D89FCC /* XCRemoteSwiftPackageReference "CollectionViewSlantedLayout" */ = {
			isa = XCRemoteSwiftPackageReference;
			repositoryURL = "https://github.com/yacir/CollectionViewSlantedLayout.git";
			requirement = {
				branch = master;
				kind = branch;
			};
		};
		0A87CAF329534AA100B98BE0 /* XCRemoteSwiftPackageReference "Kingfisher" */ = {
			isa = XCRemoteSwiftPackageReference;
			repositoryURL = "https://github.com/onevcat/Kingfisher.git";
			requirement = {
				branch = master;
				kind = branch;
			};
		};
		0AF1A57E2952385700895A65 /* XCRemoteSwiftPackageReference "LBTATools" */ = {
			isa = XCRemoteSwiftPackageReference;
			repositoryURL = "https://github.com/bhlvoong/LBTATools.git";
			requirement = {
				kind = upToNextMajorVersion;
				minimumVersion = 1.0.0;
			};
		};
/* End XCRemoteSwiftPackageReference section */

/* Begin XCSwiftPackageProductDependency section */
		0A68E72F295A3A0900D89FCC /* CollectionViewSlantedLayout */ = {
			isa = XCSwiftPackageProductDependency;
			package = 0A68E72E295A3A0900D89FCC /* XCRemoteSwiftPackageReference "CollectionViewSlantedLayout" */;
			productName = CollectionViewSlantedLayout;
		};
		0A87CAF429534AA100B98BE0 /* Kingfisher */ = {
			isa = XCSwiftPackageProductDependency;
			package = 0A87CAF329534AA100B98BE0 /* XCRemoteSwiftPackageReference "Kingfisher" */;
			productName = Kingfisher;
		};
		0AF1A57F2952385700895A65 /* LBTATools */ = {
			isa = XCSwiftPackageProductDependency;
			package = 0AF1A57E2952385700895A65 /* XCRemoteSwiftPackageReference "LBTATools" */;
			productName = LBTATools;
		};
/* End XCSwiftPackageProductDependency section */
	};
	rootObject = 0AF1A52D2952021900895A65 /* Project object */;
}
